// !$*UTF8*$!
{
	archiveVersion = 1;
	classes = {
	};
	objectVersion = 77;
	objects = {

/* Begin PBXContainerItemProxy section */
		F06C672E2E01372700BE9529 /* PBXContainerItemProxy */ = {
			isa = PBXContainerItemProxy;
			containerPortal = F06C67182E01372500BE9529 /* Project object */;
			proxyType = 1;
			remoteGlobalIDString = F06C671F2E01372500BE9529;
			remoteInfo = ShoppingAppV2;
		};
		F06C67382E01372700BE9529 /* PBXContainerItemProxy */ = {
			isa = PBXContainerItemProxy;
			containerPortal = F06C67182E01372500BE9529 /* Project object */;
			proxyType = 1;
			remoteGlobalIDString = F06C671F2E01372500BE9529;
			remoteInfo = ShoppingAppV2;
		};
/* End PBXContainerItemProxy section */

/* Begin PBXFileReference section */
		F06C67202E01372500BE9529 /* ShoppingAppV2.app */ = {isa = PBXFileReference; explicitFileType = wrapper.application; includeInIndex = 0; path = ShoppingAppV2.app; sourceTree = BUILT_PRODUCTS_DIR; };
		F06C672D2E01372700BE9529 /* ShoppingAppV2Tests.xctest */ = {isa = PBXFileReference; explicitFileType = wrapper.cfbundle; includeInIndex = 0; path = ShoppingAppV2Tests.xctest; sourceTree = BUILT_PRODUCTS_DIR; };
		F06C67372E01372700BE9529 /* ShoppingAppV2UITests.xctest */ = {isa = PBXFileReference; explicitFileType = wrapper.cfbundle; includeInIndex = 0; path = ShoppingAppV2UITests.xctest; sourceTree = BUILT_PRODUCTS_DIR; };
/* End PBXFileReference section */

/* Begin PBXFileSystemSynchronizedRootGroup section */
		F06C67222E01372500BE9529 /* ShoppingAppV2 */ = {
			isa = PBXFileSystemSynchronizedRootGroup;
			path = ShoppingAppV2;
			sourceTree = "<group>";
		};
		F06C67302E01372700BE9529 /* ShoppingAppV2Tests */ = {
			isa = PBXFileSystemSynchronizedRootGroup;
			path = ShoppingAppV2Tests;
			sourceTree = "<group>";
		};
		F06C673A2E01372700BE9529 /* ShoppingAppV2UITests */ = {
			isa = PBXFileSystemSynchronizedRootGroup;
			path = ShoppingAppV2UITests;
			sourceTree = "<group>";
		};
/* End PBXFileSystemSynchronizedRootGroup section */

/* Begin PBXFrameworksBuildPhase section */
		F06C671D2E01372500BE9529 /* Frameworks */ = {
			isa = PBXFrameworksBuildPhase;
			buildActionMask = 2147483647;
			files = (
			);
			runOnlyForDeploymentPostprocessing = 0;
		};
		F06C672A2E01372700BE9529 /* Frameworks */ = {
			isa = PBXFrameworksBuildPhase;
			buildActionMask = 2147483647;
			files = (
			);
			runOnlyForDeploymentPostprocessing = 0;
		};
		F06C67342E01372700BE9529 /* Frameworks */ = {
			isa = PBXFrameworksBuildPhase;
			buildActionMask = 2147483647;
			files = (
			);
			runOnlyForDeploymentPostprocessing = 0;
		};
/* End PBXFrameworksBuildPhase section */

/* Begin PBXGroup section */
		F06C67172E01372500BE9529 = {
			isa = PBXGroup;
			children = (
				F06C67222E01372500BE9529 /* ShoppingAppV2 */,
				F06C67302E01372700BE9529 /* ShoppingAppV2Tests */,
				F06C673A2E01372700BE9529 /* ShoppingAppV2UITests */,
				F06C67212E01372500BE9529 /* Products */,
			);
			sourceTree = "<group>";
		};
		F06C67212E01372500BE9529 /* Products */ = {
			isa = PBXGroup;
			children = (
				F06C67202E01372500BE9529 /* ShoppingAppV2.app */,
				F06C672D2E01372700BE9529 /* ShoppingAppV2Tests.xctest */,
				F06C67372E01372700BE9529 /* ShoppingAppV2UITests.xctest */,
			);
			name = Products;
			sourceTree = "<group>";
		};
/* End PBXGroup section */

/* Begin PBXNativeTarget section */
		F06C671F2E01372500BE9529 /* ShoppingAppV2 */ = {
			isa = PBXNativeTarget;
			buildConfigurationList = F06C67412E01372700BE9529 /* Build configuration list for PBXNativeTarget "ShoppingAppV2" */;
			buildPhases = (
				F06C671C2E01372500BE9529 /* Sources */,
				F06C671D2E01372500BE9529 /* Frameworks */,
				F06C671E2E01372500BE9529 /* Resources */,
			);
			buildRules = (
			);
			dependencies = (
			);
			fileSystemSynchronizedGroups = (
				F06C67222E01372500BE9529 /* ShoppingAppV2 */,
			);
			name = ShoppingAppV2;
			packageProductDependencies = (
			);
			productName = ShoppingAppV2;
			productReference = F06C67202E01372500BE9529 /* ShoppingAppV2.app */;
			productType = "com.apple.product-type.application";
		};
		F06C672C2E01372700BE9529 /* ShoppingAppV2Tests */ = {
			isa = PBXNativeTarget;
			buildConfigurationList = F06C67442E01372700BE9529 /* Build configuration list for PBXNativeTarget "ShoppingAppV2Tests" */;
			buildPhases = (
				F06C67292E01372700BE9529 /* Sources */,
				F06C672A2E01372700BE9529 /* Frameworks */,
				F06C672B2E01372700BE9529 /* Resources */,
			);
			buildRules = (
			);
			dependencies = (
				F06C672F2E01372700BE9529 /* PBXTargetDependency */,
			);
			fileSystemSynchronizedGroups = (
				F06C67302E01372700BE9529 /* ShoppingAppV2Tests */,
			);
			name = ShoppingAppV2Tests;
			packageProductDependencies = (
			);
			productName = ShoppingAppV2Tests;
			productReference = F06C672D2E01372700BE9529 /* ShoppingAppV2Tests.xctest */;
			productType = "com.apple.product-type.bundle.unit-test";
		};
		F06C67362E01372700BE9529 /* ShoppingAppV2UITests */ = {
			isa = PBXNativeTarget;
			buildConfigurationList = F06C67472E01372700BE9529 /* Build configuration list for PBXNativeTarget "ShoppingAppV2UITests" */;
			buildPhases = (
				F06C67332E01372700BE9529 /* Sources */,
				F06C67342E01372700BE9529 /* Frameworks */,
				F06C67352E01372700BE9529 /* Resources */,
			);
			buildRules = (
			);
			dependencies = (
				F06C67392E01372700BE9529 /* PBXTargetDependency */,
			);
			fileSystemSynchronizedGroups = (
				F06C673A2E01372700BE9529 /* ShoppingAppV2UITests */,
			);
			name = ShoppingAppV2UITests;
			packageProductDependencies = (
			);
			productName = ShoppingAppV2UITests;
			productReference = F06C67372E01372700BE9529 /* ShoppingAppV2UITests.xctest */;
			productType = "com.apple.product-type.bundle.ui-testing";
		};
/* End PBXNativeTarget section */

/* Begin PBXProject section */
		F06C67182E01372500BE9529 /* Project object */ = {
			isa = PBXProject;
			attributes = {
				BuildIndependentTargetsInParallel = 1;
				LastSwiftUpdateCheck = 1640;
				LastUpgradeCheck = 1640;
				TargetAttributes = {
					F06C671F2E01372500BE9529 = {
						CreatedOnToolsVersion = 16.4;
					};
					F06C672C2E01372700BE9529 = {
						CreatedOnToolsVersion = 16.4;
						TestTargetID = F06C671F2E01372500BE9529;
					};
					F06C67362E01372700BE9529 = {
						CreatedOnToolsVersion = 16.4;
						TestTargetID = F06C671F2E01372500BE9529;
					};
				};
			};
			buildConfigurationList = F06C671B2E01372500BE9529 /* Build configuration list for PBXProject "ShoppingAppV2" */;
			developmentRegion = en;
			hasScannedForEncodings = 0;
			knownRegions = (
				en,
				Base,
			);
			mainGroup = F06C67172E01372500BE9529;
			minimizedProjectReferenceProxies = 1;
			preferredProjectObjectVersion = 77;
			productRefGroup = F06C67212E01372500BE9529 /* Products */;
			projectDirPath = "";
			projectRoot = "";
			targets = (
				F06C671F2E01372500BE9529 /* ShoppingAppV2 */,
				F06C672C2E01372700BE9529 /* ShoppingAppV2Tests */,
				F06C67362E01372700BE9529 /* ShoppingAppV2UITests */,
			);
		};
/* End PBXProject section */

/* Begin PBXResourcesBuildPhase section */
		F06C671E2E01372500BE9529 /* Resources */ = {
			isa = PBXResourcesBuildPhase;
			buildActionMask = 2147483647;
			files = (
			);
			runOnlyForDeploymentPostprocessing = 0;
		};
		F06C672B2E01372700BE9529 /* Resources */ = {
			isa = PBXResourcesBuildPhase;
			buildActionMask = 2147483647;
			files = (
			);
			runOnlyForDeploymentPostprocessing = 0;
		};
		F06C67352E01372700BE9529 /* Resources */ = {
			isa = PBXResourcesBuildPhase;
			buildActionMask = 2147483647;
			files = (
			);
			runOnlyForDeploymentPostprocessing = 0;
		};
/* End PBXResourcesBuildPhase section */

/* Begin PBXSourcesBuildPhase section */
		F06C671C2E01372500BE9529 /* Sources */ = {
			isa = PBXSourcesBuildPhase;
			buildActionMask = 2147483647;
			files = (
			);
			runOnlyForDeploymentPostprocessing = 0;
		};
		F06C67292E01372700BE9529 /* Sources */ = {
			isa = PBXSourcesBuildPhase;
			buildActionMask = 2147483647;
			files = (
			);
			runOnlyForDeploymentPostprocessing = 0;
		};
		F06C67332E01372700BE9529 /* Sources */ = {
			isa = PBXSourcesBuildPhase;
			buildActionMask = 2147483647;
			files = (
			);
			runOnlyForDeploymentPostprocessing = 0;
		};
/* End PBXSourcesBuildPhase section */

/* Begin PBXTargetDependency section */
		F06C672F2E01372700BE9529 /* PBXTargetDependency */ = {
			isa = PBXTargetDependency;
			target = F06C671F2E01372500BE9529 /* ShoppingAppV2 */;
			targetProxy = F06C672E2E01372700BE9529 /* PBXContainerItemProxy */;
		};
		F06C67392E01372700BE9529 /* PBXTargetDependency */ = {
			isa = PBXTargetDependency;
			target = F06C671F2E01372500BE9529 /* ShoppingAppV2 */;
			targetProxy = F06C67382E01372700BE9529 /* PBXContainerItemProxy */;
		};
/* End PBXTargetDependency section */

/* Begin XCBuildConfiguration section */
		F06C673F2E01372700BE9529 /* Debug */ = {
			isa = XCBuildConfiguration;
			buildSettings = {
				ALWAYS_SEARCH_USER_PATHS = NO;
				ASSETCATALOG_COMPILER_GENERATE_SWIFT_ASSET_SYMBOL_EXTENSIONS = YES;
				CLANG_ANALYZER_NONNULL = YES;
				CLANG_ANALYZER_NUMBER_OBJECT_CONVERSION = YES_AGGRESSIVE;
				CLANG_CXX_LANGUAGE_STANDARD = "gnu++20";
				CLANG_ENABLE_MODULES = YES;
				CLANG_ENABLE_OBJC_ARC = YES;
				CLANG_ENABLE_OBJC_WEAK = YES;
				CLANG_WARN_BLOCK_CAPTURE_AUTORELEASING = YES;
				CLANG_WARN_BOOL_CONVERSION = YES;
				CLANG_WARN_COMMA = YES;
				CLANG_WARN_CONSTANT_CONVERSION = YES;
				CLANG_WARN_DEPRECATED_OBJC_IMPLEMENTATIONS = YES;
				CLANG_WARN_DIRECT_OBJC_ISA_USAGE = YES_ERROR;
				CLANG_WARN_DOCUMENTATION_COMMENTS = YES;
				CLANG_WARN_EMPTY_BODY = YES;
				CLANG_WARN_ENUM_CONVERSION = YES;
				CLANG_WARN_INFINITE_RECURSION = YES;
				CLANG_WARN_INT_CONVERSION = YES;
				CLANG_WARN_NON_LITERAL_NULL_CONVERSION = YES;
				CLANG_WARN_OBJC_IMPLICIT_RETAIN_SELF = YES;
				CLANG_WARN_OBJC_LITERAL_CONVERSION = YES;
				CLANG_WARN_OBJC_ROOT_CLASS = YES_ERROR;
				CLANG_WARN_QUOTED_INCLUDE_IN_FRAMEWORK_HEADER = YES;
				CLANG_WARN_RANGE_LOOP_ANALYSIS = YES;
				CLANG_WARN_STRICT_PROTOTYPES = YES;
				CLANG_WARN_SUSPICIOUS_MOVE = YES;
				CLANG_WARN_UNGUARDED_AVAILABILITY = YES_AGGRESSIVE;
				CLANG_WARN_UNREACHABLE_CODE = YES;
				CLANG_WARN__DUPLICATE_METHOD_MATCH = YES;
				COPY_PHASE_STRIP = NO;
				DEBUG_INFORMATION_FORMAT = dwarf;
				DEVELOPMENT_TEAM = N4VNPX4UV4;
				ENABLE_STRICT_OBJC_MSGSEND = YES;
				ENABLE_TESTABILITY = YES;
				ENABLE_USER_SCRIPT_SANDBOXING = YES;
				GCC_C_LANGUAGE_STANDARD = gnu17;
				GCC_DYNAMIC_NO_PIC = NO;
				GCC_NO_COMMON_BLOCKS = YES;
				GCC_OPTIMIZATION_LEVEL = 0;
				GCC_PREPROCESSOR_DEFINITIONS = (
					"DEBUG=1",
					"$(inherited)",
				);
				GCC_WARN_64_TO_32_BIT_CONVERSION = YES;
				GCC_WARN_ABOUT_RETURN_TYPE = YES_ERROR;
				GCC_WARN_UNDECLARED_SELECTOR = YES;
				GCC_WARN_UNINITIALIZED_AUTOS = YES_AGGRESSIVE;
				GCC_WARN_UNUSED_FUNCTION = YES;
				GCC_WARN_UNUSED_VARIABLE = YES;
				IPHONEOS_DEPLOYMENT_TARGET = 18.5;
				LOCALIZATION_PREFERS_STRING_CATALOGS = YES;
				MTL_ENABLE_DEBUG_INFO = INCLUDE_SOURCE;
				MTL_FAST_MATH = YES;
				ONLY_ACTIVE_ARCH = YES;
				SDKROOT = iphoneos;
				SWIFT_ACTIVE_COMPILATION_CONDITIONS = "DEBUG $(inherited)";
				SWIFT_OPTIMIZATION_LEVEL = "-Onone";
			};
			name = Debug;
		};
		F06C67402E01372700BE9529 /* Release */ = {
			isa = XCBuildConfiguration;
			buildSettings = {
				ALWAYS_SEARCH_USER_PATHS = NO;
				ASSETCATALOG_COMPILER_GENERATE_SWIFT_ASSET_SYMBOL_EXTENSIONS = YES;
				CLANG_ANALYZER_NONNULL = YES;
				CLANG_ANALYZER_NUMBER_OBJECT_CONVERSION = YES_AGGRESSIVE;
				CLANG_CXX_LANGUAGE_STANDARD = "gnu++20";
				CLANG_ENABLE_MODULES = YES;
				CLANG_ENABLE_OBJC_ARC = YES;
				CLANG_ENABLE_OBJC_WEAK = YES;
				CLANG_WARN_BLOCK_CAPTURE_AUTORELEASING = YES;
				CLANG_WARN_BOOL_CONVERSION = YES;
				CLANG_WARN_COMMA = YES;
				CLANG_WARN_CONSTANT_CONVERSION = YES;
				CLANG_WARN_DEPRECATED_OBJC_IMPLEMENTATIONS = YES;
				CLANG_WARN_DIRECT_OBJC_ISA_USAGE = YES_ERROR;
				CLANG_WARN_DOCUMENTATION_COMMENTS = YES;
				CLANG_WARN_EMPTY_BODY = YES;
				CLANG_WARN_ENUM_CONVERSION = YES;
				CLANG_WARN_INFINITE_RECURSION = YES;
				CLANG_WARN_INT_CONVERSION = YES;
				CLANG_WARN_NON_LITERAL_NULL_CONVERSION = YES;
				CLANG_WARN_OBJC_IMPLICIT_RETAIN_SELF = YES;
				CLANG_WARN_OBJC_LITERAL_CONVERSION = YES;
				CLANG_WARN_OBJC_ROOT_CLASS = YES_ERROR;
				CLANG_WARN_QUOTED_INCLUDE_IN_FRAMEWORK_HEADER = YES;
				CLANG_WARN_RANGE_LOOP_ANALYSIS = YES;
				CLANG_WARN_STRICT_PROTOTYPES = YES;
				CLANG_WARN_SUSPICIOUS_MOVE = YES;
				CLANG_WARN_UNGUARDED_AVAILABILITY = YES_AGGRESSIVE;
				CLANG_WARN_UNREACHABLE_CODE = YES;
				CLANG_WARN__DUPLICATE_METHOD_MATCH = YES;
				COPY_PHASE_STRIP = NO;
				DEBUG_INFORMATION_FORMAT = "dwarf-with-dsym";
				DEVELOPMENT_TEAM = N4VNPX4UV4;
				ENABLE_NS_ASSERTIONS = NO;
				ENABLE_STRICT_OBJC_MSGSEND = YES;
				ENABLE_USER_SCRIPT_SANDBOXING = YES;
				GCC_C_LANGUAGE_STANDARD = gnu17;
				GCC_NO_COMMON_BLOCKS = YES;
				GCC_WARN_64_TO_32_BIT_CONVERSION = YES;
				GCC_WARN_ABOUT_RETURN_TYPE = YES_ERROR;
				GCC_WARN_UNDECLARED_SELECTOR = YES;
				GCC_WARN_UNINITIALIZED_AUTOS = YES_AGGRESSIVE;
				GCC_WARN_UNUSED_FUNCTION = YES;
				GCC_WARN_UNUSED_VARIABLE = YES;
				IPHONEOS_DEPLOYMENT_TARGET = 18.5;
				LOCALIZATION_PREFERS_STRING_CATALOGS = YES;
				MTL_ENABLE_DEBUG_INFO = NO;
				MTL_FAST_MATH = YES;
				SDKROOT = iphoneos;
				SWIFT_COMPILATION_MODE = wholemodule;
				VALIDATE_PRODUCT = YES;
			};
			name = Release;
		};
		F06C67422E01372700BE9529 /* Debug */ = {
			isa = XCBuildConfiguration;
			buildSettings = {
				ASSETCATALOG_COMPILER_APPICON_NAME = AppIcon;
				ASSETCATALOG_COMPILER_GLOBAL_ACCENT_COLOR_NAME = AccentColor;
				CODE_SIGN_STYLE = Automatic;
				CURRENT_PROJECT_VERSION = 1;
				DEVELOPMENT_TEAM = N4VNPX4UV4;
				ENABLE_PREVIEWS = YES;
				GENERATE_INFOPLIST_FILE = YES;
				INFOPLIST_KEY_NSCameraUsageDescription = "This app needs camera access to scan price tags and extract item information.";
				INFOPLIST_KEY_NSFaceIDUsageDescription = "This app uses Face ID to secure access to API key management and billing information, protecting your sensitive account data.";
				INFOPLIST_KEY_NSLocationWhenInUseUsageDescription = "This app uses your location to estimate local tax rates for better price calculations.";
				INFOPLIST_KEY_UIApplicationSceneManifest_Generation = YES;
				INFOPLIST_KEY_UIApplicationSupportsIndirectInputEvents = YES;
				INFOPLIST_KEY_UILaunchScreen_Generation = YES;
				INFOPLIST_KEY_UISupportedInterfaceOrientations_iPad = "UIInterfaceOrientationPortrait UIInterfaceOrientationPortraitUpsideDown UIInterfaceOrientationLandscapeLeft UIInterfaceOrientationLandscapeRight";
				INFOPLIST_KEY_UISupportedInterfaceOrientations_iPhone = "UIInterfaceOrientationPortrait UIInterfaceOrientationLandscapeLeft UIInterfaceOrientationLandscapeRight";
				LD_RUNPATH_SEARCH_PATHS = (
					"$(inherited)",
					"@executable_path/Frameworks",
				);
				MARKETING_VERSION = 1.0;
				PRODUCT_BUNDLE_IDENTIFIER = braxtenchenay.ShoppingAppV2;
				PRODUCT_NAME = "$(TARGET_NAME)";
				SWIFT_EMIT_LOC_STRINGS = YES;
				SWIFT_VERSION = 5.0;
				TARGETED_DEVICE_FAMILY = "1,2";
			};
			name = Debug;
		};
		F06C67432E01372700BE9529 /* Release */ = {
			isa = XCBuildConfiguration;
			buildSettings = {
				ASSETCATALOG_COMPILER_APPICON_NAME = AppIcon;
				ASSETCATALOG_COMPILER_GLOBAL_ACCENT_COLOR_NAME = AccentColor;
				CODE_SIGN_STYLE = Automatic;
				CURRENT_PROJECT_VERSION = 1;
				DEVELOPMENT_TEAM = N4VNPX4UV4;
				ENABLE_PREVIEWS = YES;
				GENERATE_INFOPLIST_FILE = YES;
				INFOPLIST_KEY_NSCameraUsageDescription = "This app needs camera access to scan price tags and extract item information.";
				INFOPLIST_KEY_NSFaceIDUsageDescription = "This app uses Face ID to secure access to API key management and billing information, protecting your sensitive account data.";
				INFOPLIST_KEY_NSLocationWhenInUseUsageDescription = "This app uses your location to estimate local tax rates for better price calculations.";
				INFOPLIST_KEY_UIApplicationSceneManifest_Generation = YES;
				INFOPLIST_KEY_UIApplicationSupportsIndirectInputEvents = YES;
				INFOPLIST_KEY_UILaunchScreen_Generation = YES;
				INFOPLIST_KEY_UISupportedInterfaceOrientations_iPad = "UIInterfaceOrientationPortrait UIInterfaceOrientationPortraitUpsideDown UIInterfaceOrientationLandscapeLeft UIInterfaceOrientationLandscapeRight";
				INFOPLIST_KEY_UISupportedInterfaceOrientations_iPhone = "UIInterfaceOrientationPortrait UIInterfaceOrientationLandscapeLeft UIInterfaceOrientationLandscapeRight";
				LD_RUNPATH_SEARCH_PATHS = (
					"$(inherited)",
					"@executable_path/Frameworks",
				);
				MARKETING_VERSION = 1.0;
				PRODUCT_BUNDLE_IDENTIFIER = braxtenchenay.ShoppingAppV2;
				PRODUCT_NAME = "$(TARGET_NAME)";
				SWIFT_EMIT_LOC_STRINGS = YES;
				SWIFT_VERSION = 5.0;
				TARGETED_DEVICE_FAMILY = "1,2";
			};
			name = Release;
		};
		F06C67452E01372700BE9529 /* Debug */ = {
			isa = XCBuildConfiguration;
			buildSettings = {
				BUNDLE_LOADER = "$(TEST_HOST)";
				CODE_SIGN_STYLE = Automatic;
				CURRENT_PROJECT_VERSION = 1;
				DEVELOPMENT_TEAM = N4VNPX4UV4;
				GENERATE_INFOPLIST_FILE = YES;
				IPHONEOS_DEPLOYMENT_TARGET = 18.5;
				MARKETING_VERSION = 1.0;
				PRODUCT_BUNDLE_IDENTIFIER = braxtenchenay.ShoppingAppV2Tests;
				PRODUCT_NAME = "$(TARGET_NAME)";
				SWIFT_EMIT_LOC_STRINGS = NO;
				SWIFT_VERSION = 5.0;
				TARGETED_DEVICE_FAMILY = "1,2";
				TEST_HOST = "$(BUILT_PRODUCTS_DIR)/ShoppingAppV2.app/$(BUNDLE_EXECUTABLE_FOLDER_PATH)/ShoppingAppV2";
			};
			name = Debug;
		};
		F06C67462E01372700BE9529 /* Release */ = {
			isa = XCBuildConfiguration;
			buildSettings = {
				BUNDLE_LOADER = "$(TEST_HOST)";
				CODE_SIGN_STYLE = Automatic;
				CURRENT_PROJECT_VERSION = 1;
				DEVELOPMENT_TEAM = N4VNPX4UV4;
				GENERATE_INFOPLIST_FILE = YES;
				IPHONEOS_DEPLOYMENT_TARGET = 18.5;
				MARKETING_VERSION = 1.0;
				PRODUCT_BUNDLE_IDENTIFIER = braxtenchenay.ShoppingAppV2Tests;
				PRODUCT_NAME = "$(TARGET_NAME)";
				SWIFT_EMIT_LOC_STRINGS = NO;
				SWIFT_VERSION = 5.0;
				TARGETED_DEVICE_FAMILY = "1,2";
				TEST_HOST = "$(BUILT_PRODUCTS_DIR)/ShoppingAppV2.app/$(BUNDLE_EXECUTABLE_FOLDER_PATH)/ShoppingAppV2";
			};
			name = Release;
		};
		F06C67482E01372700BE9529 /* Debug */ = {
			isa = XCBuildConfiguration;
			buildSettings = {
				CODE_SIGN_STYLE = Automatic;
				CURRENT_PROJECT_VERSION = 1;
				DEVELOPMENT_TEAM = N4VNPX4UV4;
				GENERATE_INFOPLIST_FILE = YES;
				MARKETING_VERSION = 1.0;
				PRODUCT_BUNDLE_IDENTIFIER = braxtenchenay.ShoppingAppV2UITests;
				PRODUCT_NAME = "$(TARGET_NAME)";
				SWIFT_EMIT_LOC_STRINGS = NO;
				SWIFT_VERSION = 5.0;
				TARGETED_DEVICE_FAMILY = "1,2";
				TEST_TARGET_NAME = ShoppingAppV2;
			};
			name = Debug;
		};
		F06C67492E01372700BE9529 /* Release */ = {
			isa = XCBuildConfiguration;
			buildSettings = {
				CODE_SIGN_STYLE = Automatic;
				CURRENT_PROJECT_VERSION = 1;
				DEVELOPMENT_TEAM = N4VNPX4UV4;
				GENERATE_INFOPLIST_FILE = YES;
				MARKETING_VERSION = 1.0;
				PRODUCT_BUNDLE_IDENTIFIER = braxtenchenay.ShoppingAppV2UITests;
				PRODUCT_NAME = "$(TARGET_NAME)";
				SWIFT_EMIT_LOC_STRINGS = NO;
				SWIFT_VERSION = 5.0;
				TARGETED_DEVICE_FAMILY = "1,2";
				TEST_TARGET_NAME = ShoppingAppV2;
			};
			name = Release;
		};
/* End XCBuildConfiguration section */

/* Begin XCConfigurationList section */
		F06C671B2E01372500BE9529 /* Build configuration list for PBXProject "ShoppingAppV2" */ = {
			isa = XCConfigurationList;
			buildConfigurations = (
				F06C673F2E01372700BE9529 /* Debug */,
				F06C67402E01372700BE9529 /* Release */,
			);
			defaultConfigurationIsVisible = 0;
			defaultConfigurationName = Release;
		};
		F06C67412E01372700BE9529 /* Build configuration list for PBXNativeTarget "ShoppingAppV2" */ = {
			isa = XCConfigurationList;
			buildConfigurations = (
				F06C67422E01372700BE9529 /* Debug */,
				F06C67432E01372700BE9529 /* Release */,
			);
			defaultConfigurationIsVisible = 0;
			defaultConfigurationName = Release;
		};
		F06C67442E01372700BE9529 /* Build configuration list for PBXNativeTarget "ShoppingAppV2Tests" */ = {
			isa = XCConfigurationList;
			buildConfigurations = (
				F06C67452E01372700BE9529 /* Debug */,
				F06C67462E01372700BE9529 /* Release */,
			);
			defaultConfigurationIsVisible = 0;
			defaultConfigurationName = Release;
		};
		F06C67472E01372700BE9529 /* Build configuration list for PBXNativeTarget "ShoppingAppV2UITests" */ = {
			isa = XCConfigurationList;
			buildConfigurations = (
				F06C67482E01372700BE9529 /* Debug */,
				F06C67492E01372700BE9529 /* Release */,
			);
			defaultConfigurationIsVisible = 0;
			defaultConfigurationName = Release;
		};
/* End XCConfigurationList section */
	};
	rootObject = F06C67182E01372500BE9529 /* Project object */;
}
